
Microsoft Visual Studio Solution File, Format Version 12.00
# Visual Studio Version 17
VisualStudioVersion = 17.3.32819.101
MinimumVisualStudioVersion = 10.0.40219.1
Project("{FAE04EC0-301F-11D3-BF4B-00C04F79EFBC}") = "SistemaLampada", "SistemaLampada\SistemaLampada.csproj", "{6EACE593-D49F-4FEB-A35C-79FDBA6A7737}"
EndProject
Global
	GlobalSection(SolutionConfigurationPlatforms) = preSolution
		Debug|Any CPU = Debug|Any CPU
		Release|Any CPU = Release|Any CPU
	EndGlobalSection
	GlobalSection(ProjectConfigurationPlatforms) = postSolution
		{6EACE593-D49F-4FEB-A35C-79FDBA6A7737}.Debug|Any CPU.ActiveCfg = Debug|Any CPU
		{6EACE593-D49F-4FEB-A35C-79FDBA6A7737}.Debug|Any CPU.Build.0 = Debug|Any CPU
		{6EACE593-D49F-4FEB-A35C-79FDBA6A7737}.Release|Any CPU.ActiveCfg = Release|Any CPU
		{6EACE593-D49F-4FEB-A35C-79FDBA6A7737}.Release|Any CPU.Build.0 = Release|Any CPU
	EndGlobalSection
	GlobalSection(SolutionProperties) = preSolution
		HideSolutionNode = FALSE
	EndGlobalSection
	GlobalSection(ExtensibilityGlobals) = postSolution
		SolutionGuid = {F3F106A3-1C94-4490-BC6D-0709C7F67458}
	EndGlobalSection
EndGlobal
